
Microsoft Visual Studio Solution File, Format Version 12.00
Project("{FAE04EC0-301F-11D3-BF4B-00C04F79EFBC}") = "DotnetK8S.Worker", "DotnetK8S.Worker\DotnetK8S.Worker.csproj", "{38FF7ED9-F2BB-46D9-A58F-B2FEDA77CF4D}"
EndProject
Project("{FAE04EC0-301F-11D3-BF4B-00C04F79EFBC}") = "DotnetK8S.Server", "DotnetK8S.Server\DotnetK8S.Server.csproj", "{F211BA47-5F84-4149-A3DC-F78F79B83433}"
EndProject
Global
	GlobalSection(SolutionConfigurationPlatforms) = preSolution
		Debug|Any CPU = Debug|Any CPU
		Release|Any CPU = Release|Any CPU
	EndGlobalSection
	GlobalSection(ProjectConfigurationPlatforms) = postSolution
		{38FF7ED9-F2BB-46D9-A58F-B2FEDA77CF4D}.Debug|Any CPU.ActiveCfg = Debug|Any CPU
		{38FF7ED9-F2BB-46D9-A58F-B2FEDA77CF4D}.Debug|Any CPU.Build.0 = Debug|Any CPU
		{38FF7ED9-F2BB-46D9-A58F-B2FEDA77CF4D}.Release|Any CPU.ActiveCfg = Release|Any CPU
		{38FF7ED9-F2BB-46D9-A58F-B2FEDA77CF4D}.Release|Any CPU.Build.0 = Release|Any CPU
		{F211BA47-5F84-4149-A3DC-F78F79B83433}.Debug|Any CPU.ActiveCfg = Debug|Any CPU
		{F211BA47-5F84-4149-A3DC-F78F79B83433}.Debug|Any CPU.Build.0 = Debug|Any CPU
		{F211BA47-5F84-4149-A3DC-F78F79B83433}.Release|Any CPU.ActiveCfg = Release|Any CPU
		{F211BA47-5F84-4149-A3DC-F78F79B83433}.Release|Any CPU.Build.0 = Release|Any CPU
	EndGlobalSection
EndGlobal
